{
  "requires": true,
  "lockfileVersion": 1,
  "dependencies": {
    "agent-base": {
      "version": "4.3.0",
      "resolved": "http://npm.ixiaochuan.cn/agent-base/-/agent-base-4.3.0.tgz",
      "integrity": "sha512-salcGninV0nPrwpGNn4VTXBb1SOuXQBiqbrNXoeizJsHrsL6ERFM2Ne3JUSBWRE6aeNJI2ROP/WEEIDUiDe3cg==",
      "dev": true,
      "requires": {
        "es6-promisify": "5.0.0"
      }
    },
    "async-limiter": {
      "version": "1.0.1",
      "resolved": "http://npm.ixiaochuan.cn/async-limiter/-/async-limiter-1.0.1.tgz",
      "integrity": "sha512-csOlWGAcRFJaI6m+F2WKdnMKr4HhdhFVBk0H/QbJFMCr+uO2kwohwXQPxw/9OCxp05r5ghVBFSyioixx3gfkNQ==",
      "dev": true
    },
    "axios": {
      "version": "0.19.2",
      "resolved": "http://npm.ixiaochuan.cn/axios/-/axios-0.19.2.tgz",
      "integrity": "sha512-fjgm5MvRHLhx+osE2xoekY70AhARk3a6hkN+3Io1jc00jtquGvxYlKlsFUhmUET0V5te6CcZI7lcv2Ym61mjHA==",
      "requires": {
        "follow-redirects": "1.5.10"
      }
    },
    "balanced-match": {
      "version": "1.0.0",
      "resolved": "http://npm.ixiaochuan.cn/balanced-match/-/balanced-match-1.0.0.tgz",
      "integrity": "sha1-ibTRmasr7kneFk6gK4nORi1xt2c=",
      "dev": true
    },
    "brace-expansion": {
      "version": "1.1.11",
      "resolved": "http://npm.ixiaochuan.cn/brace-expansion/-/brace-expansion-1.1.11.tgz",
      "integrity": "sha512-iCuPHDFgrHX7H2vEI/5xpz07zSHB00TpugqhmYtVmMO6518mCuRMoOYFldEBl0g187ufozdaHgWKcYFb61qGiA==",
      "dev": true,
      "requires": {
        "balanced-match": "1.0.0",
        "concat-map": "0.0.1"
      }
    },
    "buffer-crc32": {
      "version": "0.2.13",
      "resolved": "http://npm.ixiaochuan.cn/buffer-crc32/-/buffer-crc32-0.2.13.tgz",
      "integrity": "sha1-DTM+PwDqxQqhRUq9MO+MKl2ackI=",
      "dev": true
    },
    "buffer-from": {
      "version": "1.1.1",
      "resolved": "http://npm.ixiaochuan.cn/buffer-from/-/buffer-from-1.1.1.tgz",
      "integrity": "sha512-MQcXEUbCKtEo7bhqEs6560Hyd4XaovZlO/k9V3hjVUF/zwW7KBVdSK4gIt/bzwS9MbR5qob+F5jusZsb0YQK2A==",
      "dev": true
    },
    "concat-map": {
      "version": "0.0.1",
      "resolved": "http://npm.ixiaochuan.cn/concat-map/-/concat-map-0.0.1.tgz",
      "integrity": "sha1-2Klr13/Wjfd5OnMDajug1UBdR3s=",
      "dev": true
    },
    "concat-stream": {
      "version": "1.6.2",
      "resolved": "http://npm.ixiaochuan.cn/concat-stream/-/concat-stream-1.6.2.tgz",
      "integrity": "sha512-27HBghJxjiZtIk3Ycvn/4kbJk/1uZuJFfuPEns6LaEvpvG1f0hTea8lilrouyo9mVc2GWdcEZ8OLoGmSADlrCw==",
      "dev": true,
      "requires": {
        "buffer-from": "1.1.1",
        "inherits": "2.0.4",
        "readable-stream": "2.3.7",
        "typedarray": "0.0.6"
      }
    },
    "core-util-is": {
      "version": "1.0.2",
      "resolved": "http://npm.ixiaochuan.cn/core-util-is/-/core-util-is-1.0.2.tgz",
      "integrity": "sha1-tf1UIgqivFq1eqtxQMlAdUUDwac=",
      "dev": true
    },
    "debug": {
      "version": "3.2.6",
      "resolved": "http://npm.ixiaochuan.cn/debug/-/debug-3.2.6.tgz",
      "integrity": "sha512-mel+jf7nrtEl5Pn1Qx46zARXKDpBbvzezse7p7LqINmdoIk8PYP5SySaxEmYv6TZ0JyEKA1hsCId6DIhgITtWQ==",
      "dev": true,
      "requires": {
        "ms": "2.1.2"
      }
    },
    "es6-promise": {
      "version": "4.2.8",
      "resolved": "http://npm.ixiaochuan.cn/es6-promise/-/es6-promise-4.2.8.tgz",
      "integrity": "sha512-HJDGx5daxeIvxdBxvG2cb9g4tEvwIk3i8+nhX0yGrYmZUzbkdg8QbDevheDB8gd0//uPj4c1EQua8Q+MViT0/w==",
      "dev": true
    },
    "es6-promisify": {
      "version": "5.0.0",
      "resolved": "http://npm.ixiaochuan.cn/es6-promisify/-/es6-promisify-5.0.0.tgz",
      "integrity": "sha1-UQnWLz5W6pZ8S2NQWu8IKRyKUgM=",
      "dev": true,
      "requires": {
        "es6-promise": "4.2.8"
      }
    },
    "extract-zip": {
      "version": "1.7.0",
      "resolved": "http://npm.ixiaochuan.cn/extract-zip/-/extract-zip-1.7.0.tgz",
      "integrity": "sha512-xoh5G1W/PB0/27lXgMQyIhP5DSY/LhoCsOyZgb+6iMmRtCwVBo55uKaMoEYrDCKQhWvqEip5ZPKAc6eFNyf/MA==",
      "dev": true,
      "requires": {
        "concat-stream": "1.6.2",
        "debug": "2.6.9",
        "mkdirp": "0.5.5",
        "yauzl": "2.10.0"
      },
      "dependencies": {
        "debug": {
          "version": "2.6.9",
          "resolved": "http://npm.ixiaochuan.cn/debug/-/debug-2.6.9.tgz",
          "integrity": "sha512-bC7ElrdJaJnPbAP+1EotYvqZsb3ecl5wi6Bfi6BJTUcNowp6cvspg0jXznRTKDjm/E7AdgFBVeAPVMNcKGsHMA==",
          "dev": true,
          "requires": {
            "ms": "2.0.0"
          }
        },
        "ms": {
          "version": "2.0.0",
          "resolved": "http://npm.ixiaochuan.cn/ms/-/ms-2.0.0.tgz",
          "integrity": "sha1-VgiurfwAvmwpAd9fmGF4jeDVl8g=",
          "dev": true
        }
      }
    },
    "fd-slicer": {
      "version": "1.1.0",
      "resolved": "http://npm.ixiaochuan.cn/fd-slicer/-/fd-slicer-1.1.0.tgz",
      "integrity": "sha1-JcfInLH5B3+IkbvmHY85Dq4lbx4=",
      "dev": true,
      "requires": {
        "pend": "1.2.0"
      }
    },
    "follow-redirects": {
      "version": "1.5.10",
      "resolved": "http://npm.ixiaochuan.cn/follow-redirects/-/follow-redirects-1.5.10.tgz",
      "integrity": "sha512-0V5l4Cizzvqt5D44aTXbFZz+FtyXV1vrDN6qrelxtfYQKW0KO0W2T/hkE8xvGa/540LkZlkaUjO4ailYTFtHVQ==",
      "requires": {
        "debug": "3.1.0"
      },
      "dependencies": {
        "debug": {
          "version": "3.1.0",
          "resolved": "http://npm.ixiaochuan.cn/debug/-/debug-3.1.0.tgz",
          "integrity": "sha512-OX8XqP7/1a9cqkxYw2yXss15f26NKWBpDXQd0/uK/KPqdQhxbPa994hnzjcE2VqQpDslf55723cKPUOGSmMY3g==",
          "requires": {
            "ms": "2.0.0"
          }
        },
        "ms": {
          "version": "2.0.0",
          "resolved": "http://npm.ixiaochuan.cn/ms/-/ms-2.0.0.tgz",
          "integrity": "sha1-VgiurfwAvmwpAd9fmGF4jeDVl8g="
        }
      }
    },
    "fs.realpath": {
      "version": "1.0.0",
      "resolved": "http://npm.ixiaochuan.cn/fs.realpath/-/fs.realpath-1.0.0.tgz",
      "integrity": "sha1-FQStJSMVjKpA20onh8sBQRmU6k8=",
      "dev": true
    },
    "glob": {
      "version": "7.1.6",
      "resolved": "http://npm.ixiaochuan.cn/glob/-/glob-7.1.6.tgz",
      "integrity": "sha512-LwaxwyZ72Lk7vZINtNNrywX0ZuLyStrdDtabefZKAY5ZGJhVtgdznluResxNmPitE0SAO+O26sWTHeKSI2wMBA==",
      "dev": true,
      "requires": {
        "fs.realpath": "1.0.0",
        "inflight": "1.0.6",
        "inherits": "2.0.4",
        "minimatch": "3.0.4",
        "once": "1.4.0",
        "path-is-absolute": "1.0.1"
      }
    },
    "https-proxy-agent": {
      "version": "2.2.4",
      "resolved": "http://npm.ixiaochuan.cn/https-proxy-agent/-/https-proxy-agent-2.2.4.tgz",
      "integrity": "sha512-OmvfoQ53WLjtA9HeYP9RNrWMJzzAz1JGaSFr1nijg0PVR1JaD/xbJq1mdEIIlxGpXp9eSe/O2LgU9DJmTPd0Eg==",
      "dev": true,
      "requires": {
        "agent-base": "4.3.0",
        "debug": "3.2.6"
      }
    },
    "inflight": {
      "version": "1.0.6",
      "resolved": "http://npm.ixiaochuan.cn/inflight/-/inflight-1.0.6.tgz",
      "integrity": "sha1-Sb1jMdfQLQwJvJEKEHW6gWW1bfk=",
      "dev": true,
      "requires": {
        "once": "1.4.0",
        "wrappy": "1.0.2"
      }
    },
    "inherits": {
      "version": "2.0.4",
      "resolved": "http://npm.ixiaochuan.cn/inherits/-/inherits-2.0.4.tgz",
      "integrity": "sha512-k/vGaX4/Yla3WzyMCvTQOXYeIHvqOKtnqBduzTHpzpQZzAskKMhZ2K+EnBiSM9zGSoIFeMpXKxa4dYeZIQqewQ==",
      "dev": true
    },
    "isarray": {
      "version": "1.0.0",
      "resolved": "http://npm.ixiaochuan.cn/isarray/-/isarray-1.0.0.tgz",
      "integrity": "sha1-u5NdSFgsuhaMBoNJV6VKPgcSTxE=",
      "dev": true
    },
    "mime": {
      "version": "2.4.6",
      "resolved": "http://npm.ixiaochuan.cn/mime/-/mime-2.4.6.tgz",
      "integrity": "sha512-RZKhC3EmpBchfTGBVb8fb+RL2cWyw/32lshnsETttkBAyAUXSGHxbEJWWRXc751DrIxG1q04b8QwMbAwkRPpUA==",
      "dev": true
    },
    "minimatch": {
      "version": "3.0.4",
      "resolved": "http://npm.ixiaochuan.cn/minimatch/-/minimatch-3.0.4.tgz",
      "integrity": "sha512-yJHVQEhyqPLUTgt9B83PXu6W3rx4MvvHvSUvToogpwoGDOUQ+yDrR0HRot+yOCdCO7u4hX3pWft6kWBBcqh0UA==",
      "dev": true,
      "requires": {
        "brace-expansion": "1.1.11"
      }
    },
    "minimist": {
      "version": "1.2.5",
      "resolved": "http://npm.ixiaochuan.cn/minimist/-/minimist-1.2.5.tgz",
      "integrity": "sha512-FM9nNUYrRBAELZQT3xeZQ7fmMOBg6nWNmJKTcgsJeaLstP/UODVpGsr5OhXhhXg6f+qtJ8uiZ+PUxkDWcgIXLw==",
      "dev": true
    },
    "mkdirp": {
      "version": "0.5.5",
      "resolved": "http://npm.ixiaochuan.cn/mkdirp/-/mkdirp-0.5.5.tgz",
      "integrity": "sha512-NKmAlESf6jMGym1++R0Ra7wvhV+wFW63FaSOFPwRahvea0gMUcGUhVeAg/0BC0wiv9ih5NYPB1Wn1UEI1/L+xQ==",
      "dev": true,
      "requires": {
        "minimist": "1.2.5"
      }
    },
    "ms": {
      "version": "2.1.2",
      "resolved": "http://npm.ixiaochuan.cn/ms/-/ms-2.1.2.tgz",
      "integrity": "sha512-sGkPx+VjMtmA6MX27oA4FBFELFCZZ4S4XqeGOXCv68tT+jb3vk/RyaKWP0PTKyWtmLSM0b+adUTEvbs1PEaH2w==",
      "dev": true
    },
    "once": {
      "version": "1.4.0",
      "resolved": "http://npm.ixiaochuan.cn/once/-/once-1.4.0.tgz",
      "integrity": "sha1-WDsap3WWHUsROsF9nFC6753Xa9E=",
      "dev": true,
      "requires": {
        "wrappy": "1.0.2"
      }
    },
    "path-is-absolute": {
      "version": "1.0.1",
      "resolved": "http://npm.ixiaochuan.cn/path-is-absolute/-/path-is-absolute-1.0.1.tgz",
      "integrity": "sha1-F0uSaHNVNP+8es5r9TpanhtcX18=",
      "dev": true
    },
    "pend": {
      "version": "1.2.0",
      "resolved": "http://npm.ixiaochuan.cn/pend/-/pend-1.2.0.tgz",
      "integrity": "sha1-elfrVQpng/kRUzH89GY9XI4AelA=",
      "dev": true
    },
    "process-nextick-args": {
      "version": "2.0.1",
      "resolved": "http://npm.ixiaochuan.cn/process-nextick-args/-/process-nextick-args-2.0.1.tgz",
      "integrity": "sha512-3ouUOpQhtgrbOa17J7+uxOTpITYWaGP7/AhoR3+A+/1e9skrzelGi/dXzEYyvbxubEF6Wn2ypscTKiKJFFn1ag==",
      "dev": true
    },
    "progress": {
      "version": "2.0.3",
      "resolved": "http://npm.ixiaochuan.cn/progress/-/progress-2.0.3.tgz",
      "integrity": "sha512-7PiHtLll5LdnKIMw100I+8xJXR5gW2QwWYkT6iJva0bXitZKa/XMrSbdmg3r2Xnaidz9Qumd0VPaMrZlF9V9sA==",
      "dev": true
    },
    "proxy-from-env": {
      "version": "1.1.0",
      "resolved": "http://npm.ixiaochuan.cn/proxy-from-env/-/proxy-from-env-1.1.0.tgz",
      "integrity": "sha512-D+zkORCbA9f1tdWRK0RaCR3GPv50cMxcrz4X8k5LTSUD1Dkw47mKJEZQNunItRTkWwgtaUSo1RVFRIG9ZXiFYg==",
      "dev": true
    },
    "puppeteer": {
      "version": "1.9.0",
      "resolved": "http://npm.ixiaochuan.cn/puppeteer/-/puppeteer-1.9.0.tgz",
      "integrity": "sha512-GH4PmhJf9wBRAPvtJkEJLAvdNNOofZortmBZSj8cGWYni98GUFqsf66blOEfJbo5B8l0KG5HR2d/W2MejnUrzg==",
      "dev": true,
      "requires": {
        "debug": "3.2.6",
        "extract-zip": "1.7.0",
        "https-proxy-agent": "2.2.4",
        "mime": "2.4.6",
        "progress": "2.0.3",
        "proxy-from-env": "1.1.0",
        "rimraf": "2.7.1",
        "ws": "5.2.2"
      }
    },
    "puppeteer-core": {
      "version": "1.9.0",
      "resolved": "http://npm.ixiaochuan.cn/puppeteer-core/-/puppeteer-core-1.9.0.tgz",
      "integrity": "sha512-dn6z40tv0tDHbzeXzTavmAFCcIlPQdvx2qbziu/QN3yBiC3HJ6i8YeS1QZ73xS8eeYtcEgywzbTXOc38eOaFBQ==",
      "dev": true,
      "requires": {
        "debug": "3.2.6",
        "extract-zip": "1.7.0",
        "https-proxy-agent": "2.2.4",
        "mime": "2.4.6",
        "progress": "2.0.3",
        "proxy-from-env": "1.1.0",
        "rimraf": "2.7.1",
        "ws": "5.2.2"
      }
    },
    "readable-stream": {
      "version": "2.3.7",
      "resolved": "http://npm.ixiaochuan.cn/readable-stream/-/readable-stream-2.3.7.tgz",
      "integrity": "sha512-Ebho8K4jIbHAxnuxi7o42OrZgF/ZTNcsZj6nRKyUmkhLFq8CHItp/fy6hQZuZmP/n3yZ9VBUbp4zz/mX8hmYPw==",
      "dev": true,
      "requires": {
        "core-util-is": "1.0.2",
        "inherits": "2.0.4",
        "isarray": "1.0.0",
        "process-nextick-args": "2.0.1",
        "safe-buffer": "5.1.2",
        "string_decoder": "1.1.1",
        "util-deprecate": "1.0.2"
      }
    },
    "rimraf": {
      "version": "2.7.1",
      "resolved": "http://npm.ixiaochuan.cn/rimraf/-/rimraf-2.7.1.tgz",
      "integrity": "sha512-uWjbaKIK3T1OSVptzX7Nl6PvQ3qAGtKEtVRjRuazjfL3Bx5eI409VZSqgND+4UNnmzLVdPj9FqFJNPqBZFve4w==",
      "dev": true,
      "requires": {
        "glob": "7.1.6"
      }
    },
    "safe-buffer": {
      "version": "5.1.2",
      "resolved": "http://npm.ixiaochuan.cn/safe-buffer/-/safe-buffer-5.1.2.tgz",
      "integrity": "sha512-Gd2UZBJDkXlY7GbJxfsE8/nvKkUEU1G38c1siN6QP6a9PT9MmHB8GnpscSmMJSoF8LOIrt8ud/wPtojys4G6+g==",
      "dev": true
    },
    "string_decoder": {
      "version": "1.1.1",
      "resolved": "http://npm.ixiaochuan.cn/string_decoder/-/string_decoder-1.1.1.tgz",
      "integrity": "sha512-n/ShnvDi6FHbbVfviro+WojiFzv+s8MPMHBczVePfUpDJLwoLT0ht1l4YwBCbi8pJAveEEdnkHyPyTP/mzRfwg==",
      "dev": true,
      "requires": {
        "safe-buffer": "5.1.2"
      }
    },
    "typedarray": {
      "version": "0.0.6",
      "resolved": "http://npm.ixiaochuan.cn/typedarray/-/typedarray-0.0.6.tgz",
      "integrity": "sha1-hnrHTjhkGHsdPUfZlqeOxciDB3c=",
      "dev": true
    },
    "util-deprecate": {
      "version": "1.0.2",
      "resolved": "http://npm.ixiaochuan.cn/util-deprecate/-/util-deprecate-1.0.2.tgz",
      "integrity": "sha1-RQ1Nyfpw3nMnYvvS1KKJgUGaDM8=",
      "dev": true
    },
    "wrappy": {
      "version": "1.0.2",
      "resolved": "http://npm.ixiaochuan.cn/wrappy/-/wrappy-1.0.2.tgz",
      "integrity": "sha1-tSQ9jz7BqjXxNkYFvA0QNuMKtp8=",
      "dev": true
    },
    "ws": {
      "version": "5.2.2",
      "resolved": "http://npm.ixiaochuan.cn/ws/-/ws-5.2.2.tgz",
      "integrity": "sha512-jaHFD6PFv6UgoIVda6qZllptQsMlDEJkTQcybzzXDYM1XO9Y8em691FGMPmM46WGyLU4z9KMgQN+qrux/nhlHA==",
      "dev": true,
      "requires": {
        "async-limiter": "1.0.1"
      }
    },
    "yauzl": {
      "version": "2.10.0",
      "resolved": "http://npm.ixiaochuan.cn/yauzl/-/yauzl-2.10.0.tgz",
      "integrity": "sha1-x+sXyT4RLLEIb6bY5R+wZnt5pfk=",
      "dev": true,
      "requires": {
        "buffer-crc32": "0.2.13",
        "fd-slicer": "1.1.0"
      }
    }
  }
}
